// !$*UTF8*$!
{
	archiveVersion = 1;
	classes = {
	};
	objectVersion = 46;
	objects = {

/* Begin PBXBuildFile section */
		5E960E361CA2272C00757653 /* main.m in Sources */ = {isa = PBXBuildFile; fileRef = 5E960E351CA2272C00757653 /* main.m */; };
		5E960E391CA2272C00757653 /* AppDelegate.m in Sources */ = {isa = PBXBuildFile; fileRef = 5E960E381CA2272C00757653 /* AppDelegate.m */; };
		5E960E3C1CA2272C00757653 /* ViewController.m in Sources */ = {isa = PBXBuildFile; fileRef = 5E960E3B1CA2272C00757653 /* ViewController.m */; };
		5E960E3F1CA2272C00757653 /* Main.storyboard in Resources */ = {isa = PBXBuildFile; fileRef = 5E960E3D1CA2272C00757653 /* Main.storyboard */; };
		5E960E411CA2272C00757653 /* Assets.xcassets in Resources */ = {isa = PBXBuildFile; fileRef = 5E960E401CA2272C00757653 /* Assets.xcassets */; };
		5E960E441CA2272C00757653 /* LaunchScreen.storyboard in Resources */ = {isa = PBXBuildFile; fileRef = 5E960E421CA2272C00757653 /* LaunchScreen.storyboard */; };
		5E960E4E1CA2277700757653 /* RLMessageViewController.m in Sources */ = {isa = PBXBuildFile; fileRef = 5E960E4C1CA2277700757653 /* RLMessageViewController.m */; };
		5E960E4F1CA2277700757653 /* RLMessageViewController.xib in Resources */ = {isa = PBXBuildFile; fileRef = 5E960E4D1CA2277700757653 /* RLMessageViewController.xib */; };
		5E960E521CA2279B00757653 /* RLNewMessageHelper.m in Sources */ = {isa = PBXBuildFile; fileRef = 5E960E511CA2279B00757653 /* RLNewMessageHelper.m */; };
/* End PBXBuildFile section */

/* Begin PBXFileReference section */
		5E960E311CA2272C00757653 /* RLNewMessage.app */ = {isa = PBXFileReference; explicitFileType = wrapper.application; includeInIndex = 0; path = RLNewMessage.app; sourceTree = BUILT_PRODUCTS_DIR; };
		5E960E351CA2272C00757653 /* main.m */ = {isa = PBXFileReference; lastKnownFileType = sourcecode.c.objc; path = main.m; sourceTree = "<group>"; };
		5E960E371CA2272C00757653 /* AppDelegate.h */ = {isa = PBXFileReference; lastKnownFileType = sourcecode.c.h; path = AppDelegate.h; sourceTree = "<group>"; };
		5E960E381CA2272C00757653 /* AppDelegate.m */ = {isa = PBXFileReference; lastKnownFileType = sourcecode.c.objc; path = AppDelegate.m; sourceTree = "<group>"; };
		5E960E3A1CA2272C00757653 /* ViewController.h */ = {isa = PBXFileReference; lastKnownFileType = sourcecode.c.h; path = ViewController.h; sourceTree = "<group>"; };
		5E960E3B1CA2272C00757653 /* ViewController.m */ = {isa = PBXFileReference; lastKnownFileType = sourcecode.c.objc; path = ViewController.m; sourceTree = "<group>"; };
		5E960E3E1CA2272C00757653 /* Base */ = {isa = PBXFileReference; lastKnownFileType = file.storyboard; name = Base; path = Base.lproj/Main.storyboard; sourceTree = "<group>"; };
		5E960E401CA2272C00757653 /* Assets.xcassets */ = {isa = PBXFileReference; lastKnownFileType = folder.assetcatalog; path = Assets.xcassets; sourceTree = "<group>"; };
		5E960E431CA2272C00757653 /* Base */ = {isa = PBXFileReference; lastKnownFileType = file.storyboard; name = Base; path = Base.lproj/LaunchScreen.storyboard; sourceTree = "<group>"; };
		5E960E451CA2272C00757653 /* Info.plist */ = {isa = PBXFileReference; lastKnownFileType = text.plist.xml; path = Info.plist; sourceTree = "<group>"; };
		5E960E4B1CA2277700757653 /* RLMessageViewController.h */ = {isa = PBXFileReference; fileEncoding = 4; lastKnownFileType = sourcecode.c.h; path = RLMessageViewController.h; sourceTree = "<group>"; };
		5E960E4C1CA2277700757653 /* RLMessageViewController.m */ = {isa = PBXFileReference; fileEncoding = 4; lastKnownFileType = sourcecode.c.objc; path = RLMessageViewController.m; sourceTree = "<group>"; };
		5E960E4D1CA2277700757653 /* RLMessageViewController.xib */ = {isa = PBXFileReference; fileEncoding = 4; lastKnownFileType = file.xib; path = RLMessageViewController.xib; sourceTree = "<group>"; };
		5E960E501CA2279B00757653 /* RLNewMessageHelper.h */ = {isa = PBXFileReference; fileEncoding = 4; lastKnownFileType = sourcecode.c.h; path = RLNewMessageHelper.h; sourceTree = "<group>"; };
		5E960E511CA2279B00757653 /* RLNewMessageHelper.m */ = {isa = PBXFileReference; fileEncoding = 4; lastKnownFileType = sourcecode.c.objc; path = RLNewMessageHelper.m; sourceTree = "<group>"; };
/* End PBXFileReference section */

/* Begin PBXFrameworksBuildPhase section */
		5E960E2E1CA2272C00757653 /* Frameworks */ = {
			isa = PBXFrameworksBuildPhase;
			buildActionMask = 2147483647;
			files = (
			);
			runOnlyForDeploymentPostprocessing = 0;
		};
/* End PBXFrameworksBuildPhase section */

/* Begin PBXGroup section */
		5E960E281CA2272C00757653 = {
			isa = PBXGroup;
			children = (
				5E960E331CA2272C00757653 /* RLNewMessage */,
				5E960E321CA2272C00757653 /* Products */,
			);
			sourceTree = "<group>";
		};
		5E960E321CA2272C00757653 /* Products */ = {
			isa = PBXGroup;
			children = (
				5E960E311CA2272C00757653 /* RLNewMessage.app */,
			);
			name = Products;
			sourceTree = "<group>";
		};
		5E960E331CA2272C00757653 /* RLNewMessage */ = {
			isa = PBXGroup;
			children = (
				5E960E371CA2272C00757653 /* AppDelegate.h */,
				5E960E381CA2272C00757653 /* AppDelegate.m */,
				5E960E3A1CA2272C00757653 /* ViewController.h */,
				5E960E3B1CA2272C00757653 /* ViewController.m */,
				5E960E4B1CA2277700757653 /* RLMessageViewController.h */,
				5E960E4C1CA2277700757653 /* RLMessageViewController.m */,
				5E960E4D1CA2277700757653 /* RLMessageViewController.xib */,
				5E960E501CA2279B00757653 /* RLNewMessageHelper.h */,
				5E960E511CA2279B00757653 /* RLNewMessageHelper.m */,
				5E960E3D1CA2272C00757653 /* Main.storyboard */,
				5E960E401CA2272C00757653 /* Assets.xcassets */,
				5E960E421CA2272C00757653 /* LaunchScreen.storyboard */,
				5E960E451CA2272C00757653 /* Info.plist */,
				5E960E341CA2272C00757653 /* Supporting Files */,
			);
			path = RLNewMessage;
			sourceTree = "<group>";
		};
		5E960E341CA2272C00757653 /* Supporting Files */ = {
			isa = PBXGroup;
			children = (
				5E960E351CA2272C00757653 /* main.m */,
			);
			name = "Supporting Files";
			sourceTree = "<group>";
		};
/* End PBXGroup section */

/* Begin PBXNativeTarget section */
		5E960E301CA2272C00757653 /* RLNewMessage */ = {
			isa = PBXNativeTarget;
			buildConfigurationList = 5E960E481CA2272C00757653 /* Build configuration list for PBXNativeTarget "RLNewMessage" */;
			buildPhases = (
				5E960E2D1CA2272C00757653 /* Sources */,
				5E960E2E1CA2272C00757653 /* Frameworks */,
				5E960E2F1CA2272C00757653 /* Resources */,
			);
			buildRules = (
			);
			dependencies = (
			);
			name = RLNewMessage;
			productName = RLNewMessage;
			productReference = 5E960E311CA2272C00757653 /* RLNewMessage.app */;
			productType = "com.apple.product-type.application";
		};
/* End PBXNativeTarget section */

/* Begin PBXProject section */
		5E960E291CA2272C00757653 /* Project object */ = {
			isa = PBXProject;
			attributes = {
				CLASSPREFIX = RL;
				LastUpgradeCheck = 0720;
				ORGANIZATIONNAME = Ricky2048;
				TargetAttributes = {
					5E960E301CA2272C00757653 = {
						CreatedOnToolsVersion = 7.2.1;
					};
				};
			};
			buildConfigurationList = 5E960E2C1CA2272C00757653 /* Build configuration list for PBXProject "RLNewMessage" */;
			compatibilityVersion = "Xcode 3.2";
			developmentRegion = English;
			hasScannedForEncodings = 0;
			knownRegions = (
				en,
				Base,
			);
			mainGroup = 5E960E281CA2272C00757653;
			productRefGroup = 5E960E321CA2272C00757653 /* Products */;
			projectDirPath = "";
			projectRoot = "";
			targets = (
				5E960E301CA2272C00757653 /* RLNewMessage */,
			);
		};
/* End PBXProject section */

/* Begin PBXResourcesBuildPhase section */
		5E960E2F1CA2272C00757653 /* Resources */ = {
			isa = PBXResourcesBuildPhase;
			buildActionMask = 2147483647;
			files = (
				5E960E441CA2272C00757653 /* LaunchScreen.storyboard in Resources */,
				5E960E411CA2272C00757653 /* Assets.xcassets in Resources */,
				5E960E4F1CA2277700757653 /* RLMessageViewController.xib in Resources */,
				5E960E3F1CA2272C00757653 /* Main.storyboard in Resources */,
			);
			runOnlyForDeploymentPostprocessing = 0;
		};
/* End PBXResourcesBuildPhase section */

/* Begin PBXSourcesBuildPhase section */
		5E960E2D1CA2272C00757653 /* Sources */ = {
			isa = PBXSourcesBuildPhase;
			buildActionMask = 2147483647;
			files = (
				5E960E521CA2279B00757653 /* RLNewMessageHelper.m in Sources */,
				5E960E3C1CA2272C00757653 /* ViewController.m in Sources */,
				5E960E391CA2272C00757653 /* AppDelegate.m in Sources */,
				5E960E4E1CA2277700757653 /* RLMessageViewController.m in Sources */,
				5E960E361CA2272C00757653 /* main.m in Sources */,
			);
			runOnlyForDeploymentPostprocessing = 0;
		};
/* End PBXSourcesBuildPhase section */

/* Begin PBXVariantGroup section */
		5E960E3D1CA2272C00757653 /* Main.storyboard */ = {
			isa = PBXVariantGroup;
			children = (
				5E960E3E1CA2272C00757653 /* Base */,
			);
			name = Main.storyboard;
			sourceTree = "<group>";
		};
		5E960E421CA2272C00757653 /* LaunchScreen.storyboard */ = {
			isa = PBXVariantGroup;
			children = (
				5E960E431CA2272C00757653 /* Base */,
			);
			name = LaunchScreen.storyboard;
			sourceTree = "<group>";
		};
/* End PBXVariantGroup section */

/* Begin XCBuildConfiguration section */
		5E960E461CA2272C00757653 /* Debug */ = {
			isa = XCBuildConfiguration;
			buildSettings = {
				ALWAYS_SEARCH_USER_PATHS = NO;
				CLANG_CXX_LANGUAGE_STANDARD = "gnu++0x";
				CLANG_CXX_LIBRARY = "libc++";
				CLANG_ENABLE_MODULES = YES;
				CLANG_ENABLE_OBJC_ARC = YES;
				CLANG_WARN_BOOL_CONVERSION = YES;
				CLANG_WARN_CONSTANT_CONVERSION = YES;
				CLANG_WARN_DIRECT_OBJC_ISA_USAGE = YES_ERROR;
				CLANG_WARN_EMPTY_BODY = YES;
				CLANG_WARN_ENUM_CONVERSION = YES;
				CLANG_WARN_INT_CONVERSION = YES;
				CLANG_WARN_OBJC_ROOT_CLASS = YES_ERROR;
				CLANG_WARN_UNREACHABLE_CODE = YES;
				CLANG_WARN__DUPLICATE_METHOD_MATCH = YES;
				"CODE_SIGN_IDENTITY[sdk=iphoneos*]" = "iPhone Developer";
				COPY_PHASE_STRIP = NO;
				DEBUG_INFORMATION_FORMAT = dwarf;
				ENABLE_STRICT_OBJC_MSGSEND = YES;
				ENABLE_TESTABILITY = YES;
				GCC_C_LANGUAGE_STANDARD = gnu99;
				GCC_DYNAMIC_NO_PIC = NO;
				GCC_NO_COMMON_BLOCKS = YES;
				GCC_OPTIMIZATION_LEVEL = 0;
				GCC_PREPROCESSOR_DEFINITIONS = (
					"DEBUG=1",
					"$(inherited)",
				);
				GCC_WARN_64_TO_32_BIT_CONVERSION = YES;
				GCC_WARN_ABOUT_RETURN_TYPE = YES_ERROR;
				GCC_WARN_UNDECLARED_SELECTOR = YES;
				GCC_WARN_UNINITIALIZED_AUTOS = YES_AGGRESSIVE;
				GCC_WARN_UNUSED_FUNCTION = YES;
				GCC_WARN_UNUSED_VARIABLE = YES;
				IPHONEOS_DEPLOYMENT_TARGET = 9.2;
				MTL_ENABLE_DEBUG_INFO = YES;
				ONLY_ACTIVE_ARCH = YES;
				SDKROOT = iphoneos;
				TARGETED_DEVICE_FAMILY = "1,2";
			};
			name = Debug;
		};
		5E960E471CA2272C00757653 /* Release */ = {
			isa = XCBuildConfiguration;
			buildSettings = {
				ALWAYS_SEARCH_USER_PATHS = NO;
				CLANG_CXX_LANGUAGE_STANDARD = "gnu++0x";
				CLANG_CXX_LIBRARY = "libc++";
				CLANG_ENABLE_MODULES = YES;
				CLANG_ENABLE_OBJC_ARC = YES;
				CLANG_WARN_BOOL_CONVERSION = YES;
				CLANG_WARN_CONSTANT_CONVERSION = YES;
				CLANG_WARN_DIRECT_OBJC_ISA_USAGE = YES_ERROR;
				CLANG_WARN_EMPTY_BODY = YES;
				CLANG_WARN_ENUM_CONVERSION = YES;
				CLANG_WARN_INT_CONVERSION = YES;
				CLANG_WARN_OBJC_ROOT_CLASS = YES_ERROR;
				CLANG_WARN_UNREACHABLE_CODE = YES;
				CLANG_WARN__DUPLICATE_METHOD_MATCH = YES;
				"CODE_SIGN_IDENTITY[sdk=iphoneos*]" = "iPhone Developer";
				COPY_PHASE_STRIP = NO;
				DEBUG_INFORMATION_FORMAT = "dwarf-with-dsym";
				ENABLE_NS_ASSERTIONS = NO;
				ENABLE_STRICT_OBJC_MSGSEND = YES;
				GCC_C_LANGUAGE_STANDARD = gnu99;
				GCC_NO_COMMON_BLOCKS = YES;
				GCC_WARN_64_TO_32_BIT_CONVERSION = YES;
				GCC_WARN_ABOUT_RETURN_TYPE = YES_ERROR;
				GCC_WARN_UNDECLARED_SELECTOR = YES;
				GCC_WARN_UNINITIALIZED_AUTOS = YES_AGGRESSIVE;
				GCC_WARN_UNUSED_FUNCTION = YES;
				GCC_WARN_UNUSED_VARIABLE = YES;
				IPHONEOS_DEPLOYMENT_TARGET = 9.2;
				MTL_ENABLE_DEBUG_INFO = NO;
				SDKROOT = iphoneos;
				TARGETED_DEVICE_FAMILY = "1,2";
				VALIDATE_PRODUCT = YES;
			};
			name = Release;
		};
		5E960E491CA2272C00757653 /* Debug */ = {
			isa = XCBuildConfiguration;
			buildSettings = {
				ASSETCATALOG_COMPILER_APPICON_NAME = AppIcon;
				INFOPLIST_FILE = RLNewMessage/Info.plist;
				LD_RUNPATH_SEARCH_PATHS = "$(inherited) @executable_path/Frameworks";
				PRODUCT_BUNDLE_IDENTIFIER = Ricky2048.RLNewMessage;
				PRODUCT_NAME = "$(TARGET_NAME)";
			};
			name = Debug;
		};
		5E960E4A1CA2272C00757653 /* Release */ = {
			isa = XCBuildConfiguration;
			buildSettings = {
				ASSETCATALOG_COMPILER_APPICON_NAME = AppIcon;
				INFOPLIST_FILE = RLNewMessage/Info.plist;
				LD_RUNPATH_SEARCH_PATHS = "$(inherited) @executable_path/Frameworks";
				PRODUCT_BUNDLE_IDENTIFIER = Ricky2048.RLNewMessage;
				PRODUCT_NAME = "$(TARGET_NAME)";
			};
			name = Release;
		};
/* End XCBuildConfiguration section */

/* Begin XCConfigurationList section */
		5E960E2C1CA2272C00757653 /* Build configuration list for PBXProject "RLNewMessage" */ = {
			isa = XCConfigurationList;
			buildConfigurations = (
				5E960E461CA2272C00757653 /* Debug */,
				5E960E471CA2272C00757653 /* Release */,
			);
			defaultConfigurationIsVisible = 0;
			defaultConfigurationName = Release;
		};
		5E960E481CA2272C00757653 /* Build configuration list for PBXNativeTarget "RLNewMessage" */ = {
			isa = XCConfigurationList;
			buildConfigurations = (
				5E960E491CA2272C00757653 /* Debug */,
				5E960E4A1CA2272C00757653 /* Release */,
			);
			defaultConfigurationIsVisible = 0;
		};
/* End XCConfigurationList section */
	};
	rootObject = 5E960E291CA2272C00757653 /* Project object */;
}
